<?xml version="1.0" encoding="utf-8"?>
<Project ToolsVersion="4.0" xmlns="http://schemas.microsoft.com/developer/msbuild/2003">
  <ItemGroup>
    <Filter Include="Source Files">
      <UniqueIdentifier>{4FC737F1-C7A5-4376-A066-2A32D752A2FF}</UniqueIdentifier>
      <Extensions>cpp;c;cc;cxx;c++;cppm;ixx;def;odl;idl;hpj;bat;asm;asmx</Extensions>
    </Filter>
    <Filter Include="Header Files">
      <UniqueIdentifier>{93995380-89BD-4b04-88EB-625FBE52EBFB}</UniqueIdentifier>
      <Extensions>h;hh;hpp;hxx;h++;hm;inl;inc;ipp;xsd</Extensions>
    </Filter>
    <Filter Include="Resource Files">
      <UniqueIdentifier>{67DA6AB6-F800-4c08-8B7A-83BB121AAD01}</UniqueIdentifier>
      <Extensions>rc;ico;cur;bmp;dlg;rc2;rct;bin;rgs;gif;jpg;jpeg;jpe;resx;tiff;tif;png;wav;mfcribbon-ms</Extensions>
    </Filter>
    <Filter Include="App">
      <UniqueIdentifier>{65380ac7-c766-467b-a67d-87eb2f4781e2}</UniqueIdentifier>
    </Filter>
    <Filter Include="Core">
      <UniqueIdentifier>{77decbd2-9d0e-4364-91ab-7e038543a77d}</UniqueIdentifier>
    </Filter>
    <Filter Include="Core\BaseClasses">
      <UniqueIdentifier>{5d675f44-822b-45ce-a314-2a763950da52}</UniqueIdentifier>
    </Filter>
    <Filter Include="Core\AdditionalStd">
      <UniqueIdentifier>{f5cb87a3-8fea-4bbf-a0c8-f4626395edbe}</UniqueIdentifier>
    </Filter>
    <Filter Include="Core\Systems">
      <UniqueIdentifier>{60e69711-26e7-4c8c-949f-588bd84ce021}</UniqueIdentifier>
    </Filter>
    <Filter Include="App\Scenes">
      <UniqueIdentifier>{23638d94-914b-43fc-95f1-4502cc491528}</UniqueIdentifier>
    </Filter>
    <Filter Include="App\UI">
      <UniqueIdentifier>{75e782d1-184e-4fd3-afd8-8e64d2b76ba8}</UniqueIdentifier>
    </Filter>
    <Filter Include="App\Visualization">
      <UniqueIdentifier>{434d3ea3-f82a-469a-97cc-4ac3b91f712e}</UniqueIdentifier>
    </Filter>
    <Filter Include="Imgui">
      <UniqueIdentifier>{eb73759d-a0c4-406e-8d75-7fdfd28f87bf}</UniqueIdentifier>
    </Filter>
  </ItemGroup>
  <ItemGroup>
    <None Include="packages.config" />
    <None Include="data\Shaders\SpheresFragment.glsl">
      <Filter>Resource Files</Filter>
    </None>
    <None Include="data\Shaders\SpheresVertex.glsl">
      <Filter>Resource Files</Filter>
    </None>
    <None Include="data\Shaders\BackgroundFragment.glsl">
      <Filter>Resource Files</Filter>
    </None>
  </ItemGroup>
  <ItemGroup>
    <ClCompile Include="src\main.cpp">
      <Filter>Source Files</Filter>
    </ClCompile>
    <ClCompile Include="src\Core\BaseClasses\App.cpp">
      <Filter>Core\BaseClasses</Filter>
    </ClCompile>
    <ClCompile Include="src\Core\BaseClasses\AppObject.cpp">
      <Filter>Core\BaseClasses</Filter>
    </ClCompile>
    <ClCompile Include="src\Core\AdditionalStd\String.cpp">
      <Filter>Core\AdditionalStd</Filter>
    </ClCompile>
    <ClCompile Include="src\Core\BaseClasses\Scene.cpp">
      <Filter>Core\BaseClasses</Filter>
    </ClCompile>
    <ClCompile Include="src\Core\Systems\UserPrefs.cpp">
      <Filter>Core\Systems</Filter>
    </ClCompile>
    <ClCompile Include="src\Core\Systems\SystemsLoader.cpp">
      <Filter>Core\Systems</Filter>
    </ClCompile>
    <ClCompile Include="src\Core\Systems\Screen.cpp">
      <Filter>Core\Systems</Filter>
    </ClCompile>
    <ClCompile Include="src\Core\Systems\Input.cpp">
      <Filter>Core\Systems</Filter>
    </ClCompile>
    <ClCompile Include="src\Core\AdditionalStd\DataFrame.cpp">
      <Filter>Core\AdditionalStd</Filter>
    </ClCompile>
    <ClCompile Include="src\App\Visualization\CameraInput.cpp">
      <Filter>App\Visualization</Filter>
    </ClCompile>
    <ClCompile Include="src\App\Scenes\DataViewer.cpp">
      <Filter>App\Scenes</Filter>
    </ClCompile>
    <ClCompile Include="src\Core\AdditionalStd\DataFrameCell.cpp">
      <Filter>Core\AdditionalStd</Filter>
    </ClCompile>
    <ClCompile Include="src\App\Visualization\Spheres.cpp">
      <Filter>App\Visualization</Filter>
    </ClCompile>
    <ClCompile Include="src\App\Visualization\Background.cpp">
      <Filter>App\Visualization</Filter>
    </ClCompile>
    <ClCompile Include="src\App\Visualization\Data.cpp">
      <Filter>App\Visualization</Filter>
    </ClCompile>
    <ClCompile Include="lib\imgui\imgui-SFML.cpp">
      <Filter>Imgui</Filter>
    </ClCompile>
    <ClCompile Include="lib\imgui\imgui.cpp">
      <Filter>Imgui</Filter>
    </ClCompile>
    <ClCompile Include="lib\imgui\imgui_draw.cpp">
      <Filter>Imgui</Filter>
    </ClCompile>
    <ClCompile Include="lib\imgui\imgui_tables.cpp">
      <Filter>Imgui</Filter>
    </ClCompile>
    <ClCompile Include="lib\imgui\imgui_widgets.cpp">
      <Filter>Imgui</Filter>
    </ClCompile>
    <ClCompile Include="lib\Imgui\ImGuiFileDialog.cpp">
      <Filter>Imgui</Filter>
    </ClCompile>
    <ClCompile Include="src\App\UI\DataLoader.cpp">
      <Filter>App\UI</Filter>
    </ClCompile>
    <ClCompile Include="src\App\UI\DataAxis.cpp">
      <Filter>App\UI</Filter>
    </ClCompile>
    <ClCompile Include="src\App\UI\AxisScaler.cpp">
      <Filter>App\UI</Filter>
    </ClCompile>
    <ClCompile Include="src\App\Visualization\Camera.cpp">
      <Filter>App\Visualization</Filter>
    </ClCompile>
    <ClCompile Include="src\App\Visualization\Point3D.cpp">
      <Filter>App\Visualization</Filter>
    </ClCompile>
    <ClCompile Include="src\App\UI\MinMaxAvgTable.cpp">
      <Filter>App\UI</Filter>
    </ClCompile>
  </ItemGroup>
  <ItemGroup>
    <ClInclude Include="include\Core\BaseClasses\App.h">
      <Filter>Core\BaseClasses</Filter>
    </ClInclude>
    <ClInclude Include="include\Core\BaseClasses\AppObject.h">
      <Filter>Core\BaseClasses</Filter>
    </ClInclude>
    <ClInclude Include="include\Core\AdditionalStd\String.h">
      <Filter>Core\AdditionalStd</Filter>
    </ClInclude>
    <ClInclude Include="include\Core\BaseClasses\Scene.h">
      <Filter>Core\BaseClasses</Filter>
    </ClInclude>
    <ClInclude Include="include\Core\Systems\UserPrefs.h">
      <Filter>Core\Systems</Filter>
    </ClInclude>
    <ClInclude Include="include\Core\Systems\Input.h">
      <Filter>Core\Systems</Filter>
    </ClInclude>
    <ClInclude Include="include\Core\Systems\Screen.h">
      <Filter>Core\Systems</Filter>
    </ClInclude>
    <ClInclude Include="include\Core\Systems\SystemsLoader.h">
      <Filter>Core\Systems</Filter>
    </ClInclude>
    <ClInclude Include="include\Core\AdditionalStd\vec3.h">
      <Filter>Core\AdditionalStd</Filter>
    </ClInclude>
    <ClInclude Include="include\Core\AdditionalStd\DataFrame.h">
      <Filter>Core\AdditionalStd</Filter>
    </ClInclude>
    <ClInclude Include="include\Core\AdditionalStd\vec2.h">
      <Filter>Core\AdditionalStd</Filter>
    </ClInclude>
    <ClInclude Include="include\App\Visualization\Camera.h">
      <Filter>App\Visualization</Filter>
    </ClInclude>
    <ClInclude Include="include\App\Visualization\CameraInput.h">
      <Filter>App\Visualization</Filter>
    </ClInclude>
    <ClInclude Include="include\App\Scenes\DataViewer.h">
      <Filter>App\Scenes</Filter>
    </ClInclude>
    <ClInclude Include="include\Core\AdditionalStd\DataFrameCell.h">
      <Filter>Core\AdditionalStd</Filter>
    </ClInclude>
    <ClInclude Include="include\App\Visualization\Spheres.h">
      <Filter>App\Visualization</Filter>
    </ClInclude>
    <ClInclude Include="include\App\Visualization\Background.h">
      <Filter>App\Visualization</Filter>
    </ClInclude>
    <ClInclude Include="include\App\Visualization\Data.h">
      <Filter>App\Visualization</Filter>
    </ClInclude>
    <ClInclude Include="lib\imgui\imstb_textedit.h">
      <Filter>Imgui</Filter>
    </ClInclude>
    <ClInclude Include="lib\imgui\imconfig.h">
      <Filter>Imgui</Filter>
    </ClInclude>
    <ClInclude Include="lib\imgui\imconfig-SFML.h">
      <Filter>Imgui</Filter>
    </ClInclude>
    <ClInclude Include="lib\imgui\imgui.h">
      <Filter>Imgui</Filter>
    </ClInclude>
    <ClInclude Include="lib\imgui\imgui_internal.h">
      <Filter>Imgui</Filter>
    </ClInclude>
    <ClInclude Include="lib\imgui\imgui-SFML.h">
      <Filter>Imgui</Filter>
    </ClInclude>
    <ClInclude Include="lib\imgui\imgui-SFML_export.h">
      <Filter>Imgui</Filter>
    </ClInclude>
    <ClInclude Include="lib\imgui\imstb_rectpack.h">
      <Filter>Imgui</Filter>
    </ClInclude>
    <ClInclude Include="lib\imgui\imstb_truetype.h">
      <Filter>Imgui</Filter>
    </ClInclude>
    <ClInclude Include="lib\Imgui\ImGuiFileDialog.h">
      <Filter>Imgui</Filter>
    </ClInclude>
    <ClInclude Include="lib\Imgui\ImGuiFileDialogConfig.h">
      <Filter>Imgui</Filter>
    </ClInclude>
    <ClInclude Include="include\App\UI\DataLoader.h">
      <Filter>App\UI</Filter>
    </ClInclude>
    <ClInclude Include="include\App\UI\DataAxis.h">
      <Filter>App\UI</Filter>
    </ClInclude>
    <ClInclude Include="include\App\UI\AxisScaler.h">
      <Filter>App\UI</Filter>
    </ClInclude>
    <ClInclude Include="include\App\Visualization\Point3D.h">
      <Filter>App\Visualization</Filter>
    </ClInclude>
    <ClInclude Include="include\App\UI\MinMaxAvgTable.h">
      <Filter>App\UI</Filter>
    </ClInclude>
  </ItemGroup>
</Project>